github.com/axw/gocov v1.0.0 h1:YsqYR66hUmilVr23tu8USgnJIJvnwh3n7j5zRn7x4LU=
github.com/axw/gocov v1.0.0/go.mod h1:LvQpEYiwwIb2nYkXY2fDWhg9/AsYqkhmrCshjlUJECE=
github.com/dustin/go-humanize v1.0.0 h1:VSnTsYCnlFHaM2/igO1h6X3HA71jcobQuxemgkq4zYo=
github.com/dustin/go-humanize v1.0.0/go.mod h1:HtrtbFcZ19U5GC7JDqmcUSB87Iq5E25KnS6fMYU6eOk=
github.com/go-ascii/ascii v1.0.3 h1:PzqTidYM5B8bS8BHByjFUHq95+O/R1JD1Y07KXuxUFM=
github.com/go-ascii/ascii v1.0.3/go.mod h1:dunT2OpwwyuEoHXprC876gNQaxKFFYqoaRZfjVLIGb4=
github.com/go-flip/flip v1.1.0 h1:vMRDlGxaPeyf66fI/YZ928qqQCWLoWdJjSCqG7iuy4s=
github.com/go-flip/flip v1.1.0/go.mod h1:TMjs2G9lS33sa+kDEPMmqBY35V9j94Hks0fj7uJUoEU=
github.com/go-gts/flags v0.0.12 h1:OBtZggDZdeOhx2BRWHj/Ep9jgpDNXllxB0+YHIOx35U=
github.com/go-gts/flags v0.0.12/go.mod h1:zIYMn9mLU1N+tXa3rrKYfrx33cT+aL7QKcx83G23EZk=
github.com/go-pars/pars v1.1.6 h1:Ahi6G+N4Dka8zN2bnlFNwx+rqTYBm5sxB555uAXLQAo=
github.com/go-pars/pars v1.1.6/go.mod h1:CoFQeW1ZswG9tHpBxfN1cLdEp6AI1q/iF2izSJmPMG0=
github.com/go-test/deep v1.0.7 h1:/VSMRlnY/JSyqxQUzQLKVMAskpY/NZKFA5j2P+0pP2M=
github.com/go-test/deep v1.0.7/go.mod h1:QV8Hv/iy04NyLBxAdO9njL0iVPN1S4d/A3NVv1V36o8=
github.com/go-wrap/wrap v1.0.3 h1:RU0jS4l4s+fvcwS78EyK2GifQ30DsE7qQPj2GKwvuIc=
github.com/go-wrap/wrap v1.0.3/go.mod h1:kL8K6KIL5pMt85dLdbRb9hDXO0cOk+YoArrlM8LNh8E=
github.com/mattn/go-isatty v0.0.12 h1:wuysRhFDzyxgEmMf5xjvJ2M9dZoWAXNNr5LSBS7uHXY=
github.com/mattn/go-isatty v0.0.12/go.mod h1:cbi8OIDigv2wuxKPP5vlRcQ1OAZbq2CE4Kysco4FUpU=
golang.org/x/crypto v0.0.0-20190308221718-c2843e01d9a2/go.mod h1:djNgcEr1/C05ACkg1iLfiJU5Ep61QUkGW8qpdssI0+w=
golang.org/x/net v0.0.0-20190311183353-d8887717615a/go.mod h1:t9HGtf8HONx5eT2rtn7q6eTqICYqUVnKs3thJo3Qplg=
golang.org/x/sync v0.0.0-20190423024810-112230192c58/go.mod h1:RxMgew5VJxzue5/jJTE5uejpjVlOe/izrB70Jof72aM=
golang.org/x/sys v0.0.0-20190215142949-d0b11bdaac8a/go.mod h1:STP8DvDyc/dI5b8T5hshtkjS+E42TnysNCUPdjciGhY=
golang.org/x/sys v0.0.0-20200116001909-b77594299b42/go.mod h1:h1NjWce9XRLGQEsW7wpKNCjG9DtNlClVuFLEZdDNbEs=
golang.org/x/sys v0.0.0-20201202213521-69691e467435 h1:25AvDqqB9PrNqj1FLf2/70I4W0L19qqoaFq3gjNwbKk=
golang.org/x/sys v0.0.0-20201202213521-69691e467435/go.mod h1:h1NjWce9XRLGQEsW7wpKNCjG9DtNlClVuFLEZdDNbEs=
golang.org/x/text v0.3.0/go.mod h1:NqM8EUOU14njkJ3fqMW+pc6Ldnwhi/IjpwHt7yyuwOQ=
golang.org/x/tools v0.0.0-20190617190820-da514acc4774 h1:CQVOmarCBFzTx0kbOU0ru54Cvot8SdSrNYjZPhQl+gk=
golang.org/x/tools v0.0.0-20190617190820-da514acc4774/go.mod h1:/rFqwRUd4F7ZHNgwSSTFct+R/Kf4OFW1sUzUTQQTgfc=
