github.com/dustin/go-humanize v1.0.0 h1:VSnTsYCnlFHaM2/igO1h6X3HA71jcobQuxemgkq4zYo=
github.com/dustin/go-humanize v1.0.0/go.mod h1:HtrtbFcZ19U5GC7JDqmcUSB87Iq5E25KnS6fMYU6eOk=
github.com/go-ascii/ascii v1.0.3 h1:PzqTidYM5B8bS8BHByjFUHq95+O/R1JD1Y07KXuxUFM=
github.com/go-ascii/ascii v1.0.3/go.mod h1:dunT2OpwwyuEoHXprC876gNQaxKFFYqoaRZfjVLIGb4=
github.com/go-flip/flip v1.1.0 h1:vMRDlGxaPeyf66fI/YZ928qqQCWLoWdJjSCqG7iuy4s=
github.com/go-flip/flip v1.1.0/go.mod h1:TMjs2G9lS33sa+kDEPMmqBY35V9j94Hks0fj7uJUoEU=
github.com/go-gts/flags v0.0.12 h1:OBtZggDZdeOhx2BRWHj/Ep9jgpDNXllxB0+YHIOx35U=
github.com/go-gts/flags v0.0.12/go.mod h1:zIYMn9mLU1N+tXa3rrKYfrx33cT+aL7QKcx83G23EZk=
github.com/go-pars/pars v1.1.6 h1:Ahi6G+N4Dka8zN2bnlFNwx+rqTYBm5sxB555uAXLQAo=
github.com/go-pars/pars v1.1.6/go.mod h1:CoFQeW1ZswG9tHpBxfN1cLdEp6AI1q/iF2izSJmPMG0=
github.com/go-test/deep v1.0.7 h1:/VSMRlnY/JSyqxQUzQLKVMAskpY/NZKFA5j2P+0pP2M=
github.com/go-test/deep v1.0.7/go.mod h1:QV8Hv/iy04NyLBxAdO9njL0iVPN1S4d/A3NVv1V36o8=
github.com/go-wrap/wrap v1.0.3 h1:RU0jS4l4s+fvcwS78EyK2GifQ30DsE7qQPj2GKwvuIc=
github.com/go-wrap/wrap v1.0.3/go.mod h1:kL8K6KIL5pMt85dLdbRb9hDXO0cOk+YoArrlM8LNh8E=
github.com/mattn/go-isatty v0.0.12 h1:wuysRhFDzyxgEmMf5xjvJ2M9dZoWAXNNr5LSBS7uHXY=
github.com/mattn/go-isatty v0.0.12/go.mod h1:cbi8OIDigv2wuxKPP5vlRcQ1OAZbq2CE4Kysco4FUpU=
golang.org/x/sys v0.0.0-20200116001909-b77594299b42/go.mod h1:h1NjWce9XRLGQEsW7wpKNCjG9DtNlClVuFLEZdDNbEs=
golang.org/x/sys v0.1.0 h1:kunALQeHf1/185U1i0GOB/fy1IPRDDpuoOOqRReG57U=
golang.org/x/sys v0.1.0/go.mod h1:oPkhp1MJrh7nUepCBck5+mAzfO9JrbApNNgaTdGDITg=
